
Microsoft Visual Studio Solution File, Format Version 12.00
# Visual Studio 15
VisualStudioVersion = 15.0.27428.2011
MinimumVisualStudioVersion = 10.0.40219.1
Project("{FAE04EC0-301F-11D3-BF4B-00C04F79EFBC}") = "MembershipBot", "MembershipBot\MembershipBot.csproj", "{891430FC-A78F-4B6B-BAE4-481E4403D3C7}"
EndProject
Global
	GlobalSection(SolutionConfigurationPlatforms) = preSolution
		Debug|Any CPU = Debug|Any CPU
		Release|Any CPU = Release|Any CPU
	EndGlobalSection
	GlobalSection(ProjectConfigurationPlatforms) = postSolution
		{891430FC-A78F-4B6B-BAE4-481E4403D3C7}.Debug|Any CPU.ActiveCfg = Debug|Any CPU
		{891430FC-A78F-4B6B-BAE4-481E4403D3C7}.Debug|Any CPU.Build.0 = Debug|Any CPU
		{891430FC-A78F-4B6B-BAE4-481E4403D3C7}.Release|Any CPU.ActiveCfg = Release|Any CPU
		{891430FC-A78F-4B6B-BAE4-481E4403D3C7}.Release|Any CPU.Build.0 = Release|Any CPU
	EndGlobalSection
	GlobalSection(SolutionProperties) = preSolution
		HideSolutionNode = FALSE
	EndGlobalSection
	GlobalSection(ExtensibilityGlobals) = postSolution
		SolutionGuid = {8BB16751-AC92-47FA-B0E1-A206F8FB6886}
	EndGlobalSection
EndGlobal
