Microsoft Visual Studio Solution File, Format Version 12.00
# Visual Studio 15
VisualStudioVersion = 15.0.27130.2027
MinimumVisualStudioVersion = 10.0.40219.1
Project("{2150E333-8FDC-42A3-9474-1A3956D46DE8}") = "Libraries", "Libraries", "{4269F3C3-6B42-419B-B64A-3E6DC0F1574A}"
EndProject
Project("{9A19103F-16F7-4668-BE54-9A1E7A4F7556}") = "Microsoft.Bot.Builder.Azure", "libraries\Microsoft.Bot.Builder.Azure\Microsoft.Bot.Builder.Azure.csproj", "{B2C5EED9-21B2-4763-AB92-C1995B76DA3A}"
EndProject
Project("{9A19103F-16F7-4668-BE54-9A1E7A4F7556}") = "Microsoft.Bot.Builder.Ai", "libraries\Microsoft.Bot.Builder.Ai\Microsoft.Bot.Builder.Ai.csproj", "{F31CF172-6FEE-4188-9828-E5FDA531C871}"
EndProject
Project("{9A19103F-16F7-4668-BE54-9A1E7A4F7556}") = "Microsoft.Bot.Connector", "libraries\Microsoft.Bot.Connector\Microsoft.Bot.Connector.csproj", "{6462DA5D-27DC-4CD5-9467-5EFB998FD838}"
EndProject
Project("{9A19103F-16F7-4668-BE54-9A1E7A4F7556}") = "Microsoft.Bot.Schema", "libraries\Microsoft.Bot.Schema\Microsoft.Bot.Schema.csproj", "{C1F54CDC-AD1D-45BB-8F7D-F49E411AFAF1}"
EndProject
Project("{9A19103F-16F7-4668-BE54-9A1E7A4F7556}") = "Microsoft.Bot.Builder.Core", "libraries\Microsoft.Bot.Builder.Core\Microsoft.Bot.Builder.Core.csproj", "{F0C150E2-9B8A-444C-B70E-97AD918CB3D4}"
EndProject
Project("{9A19103F-16F7-4668-BE54-9A1E7A4F7556}") = "Microsoft.Bot.Builder", "libraries\Microsoft.Bot.Builder\Microsoft.Bot.Builder.csproj", "{ADA8AB8B-2066-4193-B8F7-985669B23E00}"
EndProject
Project("{2150E333-8FDC-42A3-9474-1A3956D46DE8}") = "Integration", "Integration", "{276EBE79-A13A-46BD-A566-B01DC0477A9B}"
EndProject
Project("{9A19103F-16F7-4668-BE54-9A1E7A4F7556}") = "Microsoft.Bot.Builder.LUIS", "libraries\Microsoft.Bot.Builder.LUIS\Microsoft.Bot.Builder.LUIS.csproj", "{67AA3C00-E2C5-4D13-BA5E-72EB0E5B8DAA}"
EndProject
Project("{9A19103F-16F7-4668-BE54-9A1E7A4F7556}") = "Microsoft.Bot.Builder.Prompts", "libraries\Microsoft.Bot.Builder.Prompts\Microsoft.Bot.Builder.Prompts.csproj", "{7A197F41-3411-47BF-87A6-5BC8A44CDB74}"
EndProject
Project("{9A19103F-16F7-4668-BE54-9A1E7A4F7556}") = "Microsoft.Bot.Builder.Integration.AspNet.WebApi", "libraries\integration\Microsoft.Bot.Builder.Integration.AspNet.WebApi\Microsoft.Bot.Builder.Integration.AspNet.WebApi.csproj", "{BD0B82EF-1601-4E87-B78A-B43DE7EB36B0}"
EndProject
Project("{9A19103F-16F7-4668-BE54-9A1E7A4F7556}") = "Microsoft.Bot.Builder.Integration.AspNet.Core", "libraries\integration\Microsoft.Bot.Builder.Integration.AspNet.Core\Microsoft.Bot.Builder.Integration.AspNet.Core.csproj", "{053BD8B8-B5C1-4C45-81D4-C9BA8D5B3CE2}"
EndProject
Project("{9A19103F-16F7-4668-BE54-9A1E7A4F7556}") = "Microsoft.Bot.Builder.Core.Extensions", "libraries\Microsoft.Bot.Builder.Core.Extensions\Microsoft.Bot.Builder.Core.Extensions.csproj", "{183B3324-4CFF-477A-8EAE-73953D3E383D}"
EndProject
Project("{9A19103F-16F7-4668-BE54-9A1E7A4F7556}") = "Microsoft.Bot.Builder.TemplateManager", "libraries\Microsoft.Bot.Builder.TemplateManager\Microsoft.Bot.Builder.TemplateManager.csproj", "{EED5F0D3-6F00-4ED1-9108-5ADCB10A3734}"
EndProject
Project("{2150E333-8FDC-42A3-9474-1A3956D46DE8}") = "Classic", "Classic", "{2A46FEEF-4FD9-4DD5-8650-39C36CFDF2BB}"
EndProject
Project("{FAE04EC0-301F-11D3-BF4B-00C04F79EFBC}") = "RView", "libraries\Microsoft.Bot.Builder.Classic\RView\RView.csproj", "{12CAE029-7B8D-4928-8504-28746C36ADB3}"
EndProject
Project("{FAE04EC0-301F-11D3-BF4B-00C04F79EFBC}") = "Microsoft.Bot.Builder.Classic", "libraries\Microsoft.Bot.Builder.Classic\Microsoft.Bot.Builder.Classic\Microsoft.Bot.Builder.Classic.csproj", "{CDFEC7D6-847E-4C13-956B-0A960AE3EB60}"
EndProject
Project("{2150E333-8FDC-42A3-9474-1A3956D46DE8}") = "App", "App", "{6B36AD98-851C-4CE6-A64A-06DDC089540E}"
EndProject
Project("{9A19103F-16F7-4668-BE54-9A1E7A4F7556}") = "MembershipBot", "MembershipBot\MembershipBot.csproj", "{15EF185F-ED1D-4436-8779-B6690E9C9365}"
EndProject
Global
	GlobalSection(SolutionConfigurationPlatforms) = preSolution
		Debug|Any CPU = Debug|Any CPU
		Release|Any CPU = Release|Any CPU
	EndGlobalSection
	GlobalSection(ProjectConfigurationPlatforms) = postSolution
		{B2C5EED9-21B2-4763-AB92-C1995B76DA3A}.Debug|Any CPU.ActiveCfg = Debug|Any CPU
		{B2C5EED9-21B2-4763-AB92-C1995B76DA3A}.Debug|Any CPU.Build.0 = Debug|Any CPU
		{B2C5EED9-21B2-4763-AB92-C1995B76DA3A}.Release|Any CPU.ActiveCfg = Release|Any CPU
		{B2C5EED9-21B2-4763-AB92-C1995B76DA3A}.Release|Any CPU.Build.0 = Release|Any CPU
		{F31CF172-6FEE-4188-9828-E5FDA531C871}.Debug|Any CPU.ActiveCfg = Debug|Any CPU
		{F31CF172-6FEE-4188-9828-E5FDA531C871}.Debug|Any CPU.Build.0 = Debug|Any CPU
		{F31CF172-6FEE-4188-9828-E5FDA531C871}.Release|Any CPU.ActiveCfg = Release|Any CPU
		{F31CF172-6FEE-4188-9828-E5FDA531C871}.Release|Any CPU.Build.0 = Release|Any CPU
		{6462DA5D-27DC-4CD5-9467-5EFB998FD838}.Debug|Any CPU.ActiveCfg = Debug|Any CPU
		{6462DA5D-27DC-4CD5-9467-5EFB998FD838}.Debug|Any CPU.Build.0 = Debug|Any CPU
		{6462DA5D-27DC-4CD5-9467-5EFB998FD838}.Release|Any CPU.ActiveCfg = Release|Any CPU
		{6462DA5D-27DC-4CD5-9467-5EFB998FD838}.Release|Any CPU.Build.0 = Release|Any CPU
		{C1F54CDC-AD1D-45BB-8F7D-F49E411AFAF1}.Debug|Any CPU.ActiveCfg = Debug|Any CPU
		{C1F54CDC-AD1D-45BB-8F7D-F49E411AFAF1}.Debug|Any CPU.Build.0 = Debug|Any CPU
		{C1F54CDC-AD1D-45BB-8F7D-F49E411AFAF1}.Release|Any CPU.ActiveCfg = Release|Any CPU
		{C1F54CDC-AD1D-45BB-8F7D-F49E411AFAF1}.Release|Any CPU.Build.0 = Release|Any CPU
		{F0C150E2-9B8A-444C-B70E-97AD918CB3D4}.Debug|Any CPU.ActiveCfg = Debug|Any CPU
		{F0C150E2-9B8A-444C-B70E-97AD918CB3D4}.Debug|Any CPU.Build.0 = Debug|Any CPU
		{F0C150E2-9B8A-444C-B70E-97AD918CB3D4}.Release|Any CPU.ActiveCfg = Release|Any CPU
		{F0C150E2-9B8A-444C-B70E-97AD918CB3D4}.Release|Any CPU.Build.0 = Release|Any CPU
		{ADA8AB8B-2066-4193-B8F7-985669B23E00}.Debug|Any CPU.ActiveCfg = Debug|Any CPU
		{ADA8AB8B-2066-4193-B8F7-985669B23E00}.Debug|Any CPU.Build.0 = Debug|Any CPU
		{ADA8AB8B-2066-4193-B8F7-985669B23E00}.Release|Any CPU.ActiveCfg = Release|Any CPU
		{ADA8AB8B-2066-4193-B8F7-985669B23E00}.Release|Any CPU.Build.0 = Release|Any CPU
		{67AA3C00-E2C5-4D13-BA5E-72EB0E5B8DAA}.Debug|Any CPU.ActiveCfg = Debug|Any CPU
		{67AA3C00-E2C5-4D13-BA5E-72EB0E5B8DAA}.Debug|Any CPU.Build.0 = Debug|Any CPU
		{67AA3C00-E2C5-4D13-BA5E-72EB0E5B8DAA}.Release|Any CPU.ActiveCfg = Release|Any CPU
		{67AA3C00-E2C5-4D13-BA5E-72EB0E5B8DAA}.Release|Any CPU.Build.0 = Release|Any CPU
		{7A197F41-3411-47BF-87A6-5BC8A44CDB74}.Debug|Any CPU.ActiveCfg = Debug|Any CPU
		{7A197F41-3411-47BF-87A6-5BC8A44CDB74}.Debug|Any CPU.Build.0 = Debug|Any CPU
		{7A197F41-3411-47BF-87A6-5BC8A44CDB74}.Release|Any CPU.ActiveCfg = Release|Any CPU
		{7A197F41-3411-47BF-87A6-5BC8A44CDB74}.Release|Any CPU.Build.0 = Release|Any CPU
		{BD0B82EF-1601-4E87-B78A-B43DE7EB36B0}.Debug|Any CPU.ActiveCfg = Debug|Any CPU
		{BD0B82EF-1601-4E87-B78A-B43DE7EB36B0}.Debug|Any CPU.Build.0 = Debug|Any CPU
		{BD0B82EF-1601-4E87-B78A-B43DE7EB36B0}.Release|Any CPU.ActiveCfg = Release|Any CPU
		{BD0B82EF-1601-4E87-B78A-B43DE7EB36B0}.Release|Any CPU.Build.0 = Release|Any CPU
		{053BD8B8-B5C1-4C45-81D4-C9BA8D5B3CE2}.Debug|Any CPU.ActiveCfg = Debug|Any CPU
		{053BD8B8-B5C1-4C45-81D4-C9BA8D5B3CE2}.Debug|Any CPU.Build.0 = Debug|Any CPU
		{053BD8B8-B5C1-4C45-81D4-C9BA8D5B3CE2}.Release|Any CPU.ActiveCfg = Release|Any CPU
		{053BD8B8-B5C1-4C45-81D4-C9BA8D5B3CE2}.Release|Any CPU.Build.0 = Release|Any CPU
		{183B3324-4CFF-477A-8EAE-73953D3E383D}.Debug|Any CPU.ActiveCfg = Debug|Any CPU
		{183B3324-4CFF-477A-8EAE-73953D3E383D}.Debug|Any CPU.Build.0 = Debug|Any CPU
		{183B3324-4CFF-477A-8EAE-73953D3E383D}.Release|Any CPU.ActiveCfg = Release|Any CPU
		{183B3324-4CFF-477A-8EAE-73953D3E383D}.Release|Any CPU.Build.0 = Release|Any CPU
		{EED5F0D3-6F00-4ED1-9108-5ADCB10A3734}.Debug|Any CPU.ActiveCfg = Debug|Any CPU
		{EED5F0D3-6F00-4ED1-9108-5ADCB10A3734}.Debug|Any CPU.Build.0 = Debug|Any CPU
		{EED5F0D3-6F00-4ED1-9108-5ADCB10A3734}.Release|Any CPU.ActiveCfg = Release|Any CPU
		{EED5F0D3-6F00-4ED1-9108-5ADCB10A3734}.Release|Any CPU.Build.0 = Release|Any CPU
		{12CAE029-7B8D-4928-8504-28746C36ADB3}.Debug|Any CPU.ActiveCfg = Debug|Any CPU
		{12CAE029-7B8D-4928-8504-28746C36ADB3}.Debug|Any CPU.Build.0 = Debug|Any CPU
		{12CAE029-7B8D-4928-8504-28746C36ADB3}.Release|Any CPU.ActiveCfg = Release|Any CPU
		{12CAE029-7B8D-4928-8504-28746C36ADB3}.Release|Any CPU.Build.0 = Release|Any CPU
		{CDFEC7D6-847E-4C13-956B-0A960AE3EB60}.Debug|Any CPU.ActiveCfg = Debug|Any CPU
		{CDFEC7D6-847E-4C13-956B-0A960AE3EB60}.Debug|Any CPU.Build.0 = Debug|Any CPU
		{CDFEC7D6-847E-4C13-956B-0A960AE3EB60}.Release|Any CPU.ActiveCfg = Release|Any CPU
		{CDFEC7D6-847E-4C13-956B-0A960AE3EB60}.Release|Any CPU.Build.0 = Release|Any CPU
		{15EF185F-ED1D-4436-8779-B6690E9C9365}.Debug|Any CPU.ActiveCfg = Debug|Any CPU
		{15EF185F-ED1D-4436-8779-B6690E9C9365}.Debug|Any CPU.Build.0 = Debug|Any CPU
		{15EF185F-ED1D-4436-8779-B6690E9C9365}.Release|Any CPU.ActiveCfg = Release|Any CPU
		{15EF185F-ED1D-4436-8779-B6690E9C9365}.Release|Any CPU.Build.0 = Release|Any CPU
	EndGlobalSection
	GlobalSection(SolutionProperties) = preSolution
		HideSolutionNode = FALSE
	EndGlobalSection
	GlobalSection(NestedProjects) = preSolution
		{B2C5EED9-21B2-4763-AB92-C1995B76DA3A} = {4269F3C3-6B42-419B-B64A-3E6DC0F1574A}
		{F31CF172-6FEE-4188-9828-E5FDA531C871} = {4269F3C3-6B42-419B-B64A-3E6DC0F1574A}
		{6462DA5D-27DC-4CD5-9467-5EFB998FD838} = {4269F3C3-6B42-419B-B64A-3E6DC0F1574A}
		{C1F54CDC-AD1D-45BB-8F7D-F49E411AFAF1} = {4269F3C3-6B42-419B-B64A-3E6DC0F1574A}
		{F0C150E2-9B8A-444C-B70E-97AD918CB3D4} = {4269F3C3-6B42-419B-B64A-3E6DC0F1574A}
		{ADA8AB8B-2066-4193-B8F7-985669B23E00} = {4269F3C3-6B42-419B-B64A-3E6DC0F1574A}
		{276EBE79-A13A-46BD-A566-B01DC0477A9B} = {4269F3C3-6B42-419B-B64A-3E6DC0F1574A}
		{67AA3C00-E2C5-4D13-BA5E-72EB0E5B8DAA} = {4269F3C3-6B42-419B-B64A-3E6DC0F1574A}
		{7A197F41-3411-47BF-87A6-5BC8A44CDB74} = {4269F3C3-6B42-419B-B64A-3E6DC0F1574A}
		{BD0B82EF-1601-4E87-B78A-B43DE7EB36B0} = {276EBE79-A13A-46BD-A566-B01DC0477A9B}
		{053BD8B8-B5C1-4C45-81D4-C9BA8D5B3CE2} = {276EBE79-A13A-46BD-A566-B01DC0477A9B}
		{183B3324-4CFF-477A-8EAE-73953D3E383D} = {4269F3C3-6B42-419B-B64A-3E6DC0F1574A}
		{EED5F0D3-6F00-4ED1-9108-5ADCB10A3734} = {4269F3C3-6B42-419B-B64A-3E6DC0F1574A}
		{2A46FEEF-4FD9-4DD5-8650-39C36CFDF2BB} = {4269F3C3-6B42-419B-B64A-3E6DC0F1574A}
		{12CAE029-7B8D-4928-8504-28746C36ADB3} = {2A46FEEF-4FD9-4DD5-8650-39C36CFDF2BB}
		{CDFEC7D6-847E-4C13-956B-0A960AE3EB60} = {2A46FEEF-4FD9-4DD5-8650-39C36CFDF2BB}
		{15EF185F-ED1D-4436-8779-B6690E9C9365} = {6B36AD98-851C-4CE6-A64A-06DDC089540E}
	EndGlobalSection
	GlobalSection(ExtensibilityGlobals) = postSolution
		SolutionGuid = {7173C9F3-A7F9-496E-9078-9156E35D6E16}
	EndGlobalSection
EndGlobal
