
Microsoft Visual Studio Solution File, Format Version 12.00
# Visual Studio 15
VisualStudioVersion = 15.0.27130.2024
MinimumVisualStudioVersion = 10.0.40219.1
Project("{FAE04EC0-301F-11D3-BF4B-00C04F79EFBC}") = "MembershipDataGenerator", "MembershipDataGenerator\MembershipDataGenerator.csproj", "{6261072B-18D2-45FA-926F-08F7C1D36F50}"
EndProject
Global
	GlobalSection(SolutionConfigurationPlatforms) = preSolution
		Debug|Any CPU = Debug|Any CPU
		Release|Any CPU = Release|Any CPU
	EndGlobalSection
	GlobalSection(ProjectConfigurationPlatforms) = postSolution
		{6261072B-18D2-45FA-926F-08F7C1D36F50}.Debug|Any CPU.ActiveCfg = Debug|Any CPU
		{6261072B-18D2-45FA-926F-08F7C1D36F50}.Debug|Any CPU.Build.0 = Debug|Any CPU
		{6261072B-18D2-45FA-926F-08F7C1D36F50}.Release|Any CPU.ActiveCfg = Release|Any CPU
		{6261072B-18D2-45FA-926F-08F7C1D36F50}.Release|Any CPU.Build.0 = Release|Any CPU
	EndGlobalSection
	GlobalSection(SolutionProperties) = preSolution
		HideSolutionNode = FALSE
	EndGlobalSection
	GlobalSection(ExtensibilityGlobals) = postSolution
		SolutionGuid = {59804D05-B3C4-4D8B-8526-97C0A520EA61}
	EndGlobalSection
EndGlobal
